
Microsoft Visual Studio Solution File, Format Version 12.00
# Visual Studio Version 17
VisualStudioVersion = 17.12.35707.178
MinimumVisualStudioVersion = 10.0.40219.1
Project("{FAE04EC0-301F-11D3-BF4B-00C04F79EFBC}") = "CarService.Client", "CarService.Client\CarService.Client\CarService.Client.csproj", "{B5D52907-1737-4B8D-9B23-18264DE01F81}"
EndProject
Project("{FAE04EC0-301F-11D3-BF4B-00C04F79EFBC}") = "CarService.Administrator", "CarService.Administrator\CarService.Administrator.csproj", "{B2AEB206-BBD9-4CBA-97B7-5D7AD7C3099E}"
EndProject
Project("{2150E333-8FDC-42A3-9474-1A3956D46DE8}") = "Solution Items", "Solution Items", "{421E3253-E56C-41DE-A6E9-A3CCD4591124}"
	ProjectSection(SolutionItems) = preProject
		.editorconfig = .editorconfig
	EndProjectSection
EndProject
Project("{FAE04EC0-301F-11D3-BF4B-00C04F79EFBC}") = "CarService.Core", "CarService.Core\CarService.Core.csproj", "{EB9CA3E9-0D3E-4B3E-9880-5A3827332A99}"
EndProject
Project("{FAE04EC0-301F-11D3-BF4B-00C04F79EFBC}") = "CarService.DataAccess", "CarService.DataAccess\CarService.DataAccess.csproj", "{E4EDF1EA-AE9C-424F-9C38-E802231AFAD0}"
EndProject
Project("{FAE04EC0-301F-11D3-BF4B-00C04F79EFBC}") = "CarService.WebAPI", "CarService.newWebAPI\CarService.WebAPI.csproj", "{44783B12-6B53-47D3-BDFD-E6B851783EC0}"
EndProject
Project("{FAE04EC0-301F-11D3-BF4B-00C04F79EFBC}") = "CarService.ApplicationService", "CarService.Application\CarService.ApplicationService.csproj", "{CFE976C6-12B9-40AA-8250-DC8E07C66073}"
EndProject
Global
	GlobalSection(SolutionConfigurationPlatforms) = preSolution
		Debug|Any CPU = Debug|Any CPU
		Release|Any CPU = Release|Any CPU
	EndGlobalSection
	GlobalSection(ProjectConfigurationPlatforms) = postSolution
		{B5D52907-1737-4B8D-9B23-18264DE01F81}.Debug|Any CPU.ActiveCfg = Debug|Any CPU
		{B5D52907-1737-4B8D-9B23-18264DE01F81}.Debug|Any CPU.Build.0 = Debug|Any CPU
		{B5D52907-1737-4B8D-9B23-18264DE01F81}.Debug|Any CPU.Deploy.0 = Debug|Any CPU
		{B5D52907-1737-4B8D-9B23-18264DE01F81}.Release|Any CPU.ActiveCfg = Release|Any CPU
		{B5D52907-1737-4B8D-9B23-18264DE01F81}.Release|Any CPU.Build.0 = Release|Any CPU
		{B5D52907-1737-4B8D-9B23-18264DE01F81}.Release|Any CPU.Deploy.0 = Release|Any CPU
		{B2AEB206-BBD9-4CBA-97B7-5D7AD7C3099E}.Debug|Any CPU.ActiveCfg = Debug|Any CPU
		{B2AEB206-BBD9-4CBA-97B7-5D7AD7C3099E}.Debug|Any CPU.Build.0 = Debug|Any CPU
		{B2AEB206-BBD9-4CBA-97B7-5D7AD7C3099E}.Debug|Any CPU.Deploy.0 = Debug|Any CPU
		{B2AEB206-BBD9-4CBA-97B7-5D7AD7C3099E}.Release|Any CPU.ActiveCfg = Release|Any CPU
		{B2AEB206-BBD9-4CBA-97B7-5D7AD7C3099E}.Release|Any CPU.Build.0 = Release|Any CPU
		{B2AEB206-BBD9-4CBA-97B7-5D7AD7C3099E}.Release|Any CPU.Deploy.0 = Release|Any CPU
		{EB9CA3E9-0D3E-4B3E-9880-5A3827332A99}.Debug|Any CPU.ActiveCfg = Debug|Any CPU
		{EB9CA3E9-0D3E-4B3E-9880-5A3827332A99}.Debug|Any CPU.Build.0 = Debug|Any CPU
		{EB9CA3E9-0D3E-4B3E-9880-5A3827332A99}.Release|Any CPU.ActiveCfg = Release|Any CPU
		{EB9CA3E9-0D3E-4B3E-9880-5A3827332A99}.Release|Any CPU.Build.0 = Release|Any CPU
		{E4EDF1EA-AE9C-424F-9C38-E802231AFAD0}.Debug|Any CPU.ActiveCfg = Debug|Any CPU
		{E4EDF1EA-AE9C-424F-9C38-E802231AFAD0}.Debug|Any CPU.Build.0 = Debug|Any CPU
		{E4EDF1EA-AE9C-424F-9C38-E802231AFAD0}.Release|Any CPU.ActiveCfg = Release|Any CPU
		{E4EDF1EA-AE9C-424F-9C38-E802231AFAD0}.Release|Any CPU.Build.0 = Release|Any CPU
		{44783B12-6B53-47D3-BDFD-E6B851783EC0}.Debug|Any CPU.ActiveCfg = Debug|Any CPU
		{44783B12-6B53-47D3-BDFD-E6B851783EC0}.Debug|Any CPU.Build.0 = Debug|Any CPU
		{44783B12-6B53-47D3-BDFD-E6B851783EC0}.Release|Any CPU.ActiveCfg = Release|Any CPU
		{44783B12-6B53-47D3-BDFD-E6B851783EC0}.Release|Any CPU.Build.0 = Release|Any CPU
		{CFE976C6-12B9-40AA-8250-DC8E07C66073}.Debug|Any CPU.ActiveCfg = Debug|Any CPU
		{CFE976C6-12B9-40AA-8250-DC8E07C66073}.Debug|Any CPU.Build.0 = Debug|Any CPU
		{CFE976C6-12B9-40AA-8250-DC8E07C66073}.Release|Any CPU.ActiveCfg = Release|Any CPU
		{CFE976C6-12B9-40AA-8250-DC8E07C66073}.Release|Any CPU.Build.0 = Release|Any CPU
	EndGlobalSection
	GlobalSection(SolutionProperties) = preSolution
		HideSolutionNode = FALSE
	EndGlobalSection
	GlobalSection(ExtensibilityGlobals) = postSolution
		SolutionGuid = {6A96694E-432E-4B65-AF1F-4DF7C1374868}
	EndGlobalSection
EndGlobal
